// !$*UTF8*$!
{
	archiveVersion = 1;
	classes = {
	};
	objectVersion = 55;
	objects = {

/* Begin PBXBuildFile section */
		B8BED9DB29C27C7300BC2B8A /* HISSTools_FFT.cpp in Sources */ = {isa = PBXBuildFile; fileRef = B8BED9DA29C27C7300BC2B8A /* HISSTools_FFT.cpp */; };
		B8E2FD3129C20CD3006F3CC7 /* main.cpp in Sources */ = {isa = PBXBuildFile; fileRef = B8E2FD3029C20CD3006F3CC7 /* main.cpp */; };
		B8E2FD3929C20F8D006F3CC7 /* Accelerate.framework in Frameworks */ = {isa = PBXBuildFile; fileRef = B8E2FD3829C20F8D006F3CC7 /* Accelerate.framework */; };
/* End PBXBuildFile section */

/* Begin PBXCopyFilesBuildPhase section */
		B8E2FD2B29C20CD3006F3CC7 /* CopyFiles */ = {
			isa = PBXCopyFilesBuildPhase;
			buildActionMask = 2147483647;
			dstPath = /usr/share/man/man1/;
			dstSubfolderSpec = 0;
			files = (
			);
			runOnlyForDeploymentPostprocessing = 1;
		};
/* End PBXCopyFilesBuildPhase section */

/* Begin PBXFileReference section */
		B8BED9DA29C27C7300BC2B8A /* HISSTools_FFT.cpp */ = {isa = PBXFileReference; fileEncoding = 4; lastKnownFileType = sourcecode.cpp.cpp; name = HISSTools_FFT.cpp; path = ../../../../../../../../HISSTools_Library/HISSTools_FFT/HISSTools_FFT.cpp; sourceTree = "<group>"; };
		B8E2FD2D29C20CD3006F3CC7 /* Convolution_Tester */ = {isa = PBXFileReference; explicitFileType = "compiled.mach-o.executable"; includeInIndex = 0; path = Convolution_Tester; sourceTree = BUILT_PRODUCTS_DIR; };
		B8E2FD3029C20CD3006F3CC7 /* main.cpp */ = {isa = PBXFileReference; lastKnownFileType = sourcecode.cpp.cpp; path = main.cpp; sourceTree = "<group>"; };
		B8E2FD3829C20F8D006F3CC7 /* Accelerate.framework */ = {isa = PBXFileReference; lastKnownFileType = wrapper.framework; name = Accelerate.framework; path = System/Library/Frameworks/Accelerate.framework; sourceTree = SDKROOT; };
		B8E2FD3A29C215B7006F3CC7 /* conv_tester_config.xcconfig */ = {isa = PBXFileReference; lastKnownFileType = text.xcconfig; path = conv_tester_config.xcconfig; sourceTree = "<group>"; };
/* End PBXFileReference section */

/* Begin PBXFrameworksBuildPhase section */
		B8E2FD2A29C20CD3006F3CC7 /* Frameworks */ = {
			isa = PBXFrameworksBuildPhase;
			buildActionMask = 2147483647;
			files = (
				B8E2FD3929C20F8D006F3CC7 /* Accelerate.framework in Frameworks */,
			);
			runOnlyForDeploymentPostprocessing = 0;
		};
/* End PBXFrameworksBuildPhase section */

/* Begin PBXGroup section */
		B8E2FD2429C20CD3006F3CC7 = {
			isa = PBXGroup;
			children = (
				B8E2FD2F29C20CD3006F3CC7 /* Convolution_Tester */,
				B8E2FD2E29C20CD3006F3CC7 /* Products */,
				B8E2FD3729C20F8D006F3CC7 /* Frameworks */,
			);
			sourceTree = "<group>";
		};
		B8E2FD2E29C20CD3006F3CC7 /* Products */ = {
			isa = PBXGroup;
			children = (
				B8E2FD2D29C20CD3006F3CC7 /* Convolution_Tester */,
			);
			name = Products;
			sourceTree = "<group>";
		};
		B8E2FD2F29C20CD3006F3CC7 /* Convolution_Tester */ = {
			isa = PBXGroup;
			children = (
				B8BED9DA29C27C7300BC2B8A /* HISSTools_FFT.cpp */,
				B8E2FD3029C20CD3006F3CC7 /* main.cpp */,
				B8E2FD3A29C215B7006F3CC7 /* conv_tester_config.xcconfig */,
			);
			path = Convolution_Tester;
			sourceTree = "<group>";
		};
		B8E2FD3729C20F8D006F3CC7 /* Frameworks */ = {
			isa = PBXGroup;
			children = (
				B8E2FD3829C20F8D006F3CC7 /* Accelerate.framework */,
			);
			name = Frameworks;
			sourceTree = "<group>";
		};
/* End PBXGroup section */

/* Begin PBXNativeTarget section */
		B8E2FD2C29C20CD3006F3CC7 /* Convolution_Tester */ = {
			isa = PBXNativeTarget;
			buildConfigurationList = B8E2FD3429C20CD3006F3CC7 /* Build configuration list for PBXNativeTarget "Convolution_Tester" */;
			buildPhases = (
				B8E2FD2929C20CD3006F3CC7 /* Sources */,
				B8E2FD2A29C20CD3006F3CC7 /* Frameworks */,
				B8E2FD2B29C20CD3006F3CC7 /* CopyFiles */,
			);
			buildRules = (
			);
			dependencies = (
			);
			name = Convolution_Tester;
			productName = Convolvution_Tester;
			productReference = B8E2FD2D29C20CD3006F3CC7 /* Convolution_Tester */;
			productType = "com.apple.product-type.tool";
		};
/* End PBXNativeTarget section */

/* Begin PBXProject section */
		B8E2FD2529C20CD3006F3CC7 /* Project object */ = {
			isa = PBXProject;
			attributes = {
				BuildIndependentTargetsInParallel = 1;
				LastUpgradeCheck = 1320;
				TargetAttributes = {
					B8E2FD2C29C20CD3006F3CC7 = {
						CreatedOnToolsVersion = 13.2.1;
					};
				};
			};
			buildConfigurationList = B8E2FD2829C20CD3006F3CC7 /* Build configuration list for PBXProject "Convolution_Tester" */;
			compatibilityVersion = "Xcode 13.0";
			developmentRegion = en;
			hasScannedForEncodings = 0;
			knownRegions = (
				en,
				Base,
			);
			mainGroup = B8E2FD2429C20CD3006F3CC7;
			productRefGroup = B8E2FD2E29C20CD3006F3CC7 /* Products */;
			projectDirPath = "";
			projectRoot = "";
			targets = (
				B8E2FD2C29C20CD3006F3CC7 /* Convolution_Tester */,
			);
		};
/* End PBXProject section */

/* Begin PBXSourcesBuildPhase section */
		B8E2FD2929C20CD3006F3CC7 /* Sources */ = {
			isa = PBXSourcesBuildPhase;
			buildActionMask = 2147483647;
			files = (
				B8E2FD3129C20CD3006F3CC7 /* main.cpp in Sources */,
				B8BED9DB29C27C7300BC2B8A /* HISSTools_FFT.cpp in Sources */,
			);
			runOnlyForDeploymentPostprocessing = 0;
		};
/* End PBXSourcesBuildPhase section */

/* Begin XCBuildConfiguration section */
		B8E2FD3229C20CD3006F3CC7 /* Debug */ = {
			isa = XCBuildConfiguration;
			buildSettings = {
				ALWAYS_SEARCH_USER_PATHS = NO;
				CLANG_ANALYZER_NONNULL = YES;
				CLANG_ANALYZER_NUMBER_OBJECT_CONVERSION = YES_AGGRESSIVE;
				CLANG_CXX_LANGUAGE_STANDARD = "gnu++17";
				CLANG_CXX_LIBRARY = "libc++";
				CLANG_ENABLE_MODULES = YES;
				CLANG_ENABLE_OBJC_ARC = YES;
				CLANG_ENABLE_OBJC_WEAK = YES;
				CLANG_WARN_BLOCK_CAPTURE_AUTORELEASING = YES;
				CLANG_WARN_BOOL_CONVERSION = YES;
				CLANG_WARN_COMMA = YES;
				CLANG_WARN_CONSTANT_CONVERSION = YES;
				CLANG_WARN_DEPRECATED_OBJC_IMPLEMENTATIONS = YES;
				CLANG_WARN_DIRECT_OBJC_ISA_USAGE = YES_ERROR;
				CLANG_WARN_DOCUMENTATION_COMMENTS = YES;
				CLANG_WARN_EMPTY_BODY = YES;
				CLANG_WARN_ENUM_CONVERSION = YES;
				CLANG_WARN_INFINITE_RECURSION = YES;
				CLANG_WARN_INT_CONVERSION = YES;
				CLANG_WARN_NON_LITERAL_NULL_CONVERSION = YES;
				CLANG_WARN_OBJC_IMPLICIT_RETAIN_SELF = YES;
				CLANG_WARN_OBJC_LITERAL_CONVERSION = YES;
				CLANG_WARN_OBJC_ROOT_CLASS = YES_ERROR;
				CLANG_WARN_QUOTED_INCLUDE_IN_FRAMEWORK_HEADER = YES;
				CLANG_WARN_RANGE_LOOP_ANALYSIS = YES;
				CLANG_WARN_STRICT_PROTOTYPES = YES;
				CLANG_WARN_SUSPICIOUS_MOVE = YES;
				CLANG_WARN_UNGUARDED_AVAILABILITY = YES_AGGRESSIVE;
				CLANG_WARN_UNREACHABLE_CODE = YES;
				CLANG_WARN__DUPLICATE_METHOD_MATCH = YES;
				COPY_PHASE_STRIP = NO;
				DEBUG_INFORMATION_FORMAT = dwarf;
				ENABLE_STRICT_OBJC_MSGSEND = YES;
				ENABLE_TESTABILITY = YES;
				GCC_C_LANGUAGE_STANDARD = gnu11;
				GCC_DYNAMIC_NO_PIC = NO;
				GCC_NO_COMMON_BLOCKS = YES;
				GCC_OPTIMIZATION_LEVEL = 0;
				GCC_PREPROCESSOR_DEFINITIONS = (
					"DEBUG=1",
					"$(inherited)",
				);
				GCC_WARN_64_TO_32_BIT_CONVERSION = YES;
				GCC_WARN_ABOUT_RETURN_TYPE = YES_ERROR;
				GCC_WARN_UNDECLARED_SELECTOR = YES;
				GCC_WARN_UNINITIALIZED_AUTOS = YES_AGGRESSIVE;
				GCC_WARN_UNUSED_FUNCTION = YES;
				GCC_WARN_UNUSED_VARIABLE = YES;
				MACOSX_DEPLOYMENT_TARGET = 11.7;
				MTL_ENABLE_DEBUG_INFO = INCLUDE_SOURCE;
				MTL_FAST_MATH = YES;
				ONLY_ACTIVE_ARCH = YES;
				SDKROOT = macosx;
			};
			name = Debug;
		};
		B8E2FD3329C20CD3006F3CC7 /* Release */ = {
			isa = XCBuildConfiguration;
			buildSettings = {
				ALWAYS_SEARCH_USER_PATHS = NO;
				CLANG_ANALYZER_NONNULL = YES;
				CLANG_ANALYZER_NUMBER_OBJECT_CONVERSION = YES_AGGRESSIVE;
				CLANG_CXX_LANGUAGE_STANDARD = "gnu++17";
				CLANG_CXX_LIBRARY = "libc++";
				CLANG_ENABLE_MODULES = YES;
				CLANG_ENABLE_OBJC_ARC = YES;
				CLANG_ENABLE_OBJC_WEAK = YES;
				CLANG_WARN_BLOCK_CAPTURE_AUTORELEASING = YES;
				CLANG_WARN_BOOL_CONVERSION = YES;
				CLANG_WARN_COMMA = YES;
				CLANG_WARN_CONSTANT_CONVERSION = YES;
				CLANG_WARN_DEPRECATED_OBJC_IMPLEMENTATIONS = YES;
				CLANG_WARN_DIRECT_OBJC_ISA_USAGE = YES_ERROR;
				CLANG_WARN_DOCUMENTATION_COMMENTS = YES;
				CLANG_WARN_EMPTY_BODY = YES;
				CLANG_WARN_ENUM_CONVERSION = YES;
				CLANG_WARN_INFINITE_RECURSION = YES;
				CLANG_WARN_INT_CONVERSION = YES;
				CLANG_WARN_NON_LITERAL_NULL_CONVERSION = YES;
				CLANG_WARN_OBJC_IMPLICIT_RETAIN_SELF = YES;
				CLANG_WARN_OBJC_LITERAL_CONVERSION = YES;
				CLANG_WARN_OBJC_ROOT_CLASS = YES_ERROR;
				CLANG_WARN_QUOTED_INCLUDE_IN_FRAMEWORK_HEADER = YES;
				CLANG_WARN_RANGE_LOOP_ANALYSIS = YES;
				CLANG_WARN_STRICT_PROTOTYPES = YES;
				CLANG_WARN_SUSPICIOUS_MOVE = YES;
				CLANG_WARN_UNGUARDED_AVAILABILITY = YES_AGGRESSIVE;
				CLANG_WARN_UNREACHABLE_CODE = YES;
				CLANG_WARN__DUPLICATE_METHOD_MATCH = YES;
				COPY_PHASE_STRIP = NO;
				DEBUG_INFORMATION_FORMAT = "dwarf-with-dsym";
				ENABLE_NS_ASSERTIONS = NO;
				ENABLE_STRICT_OBJC_MSGSEND = YES;
				GCC_C_LANGUAGE_STANDARD = gnu11;
				GCC_NO_COMMON_BLOCKS = YES;
				GCC_PREPROCESSOR_DEFINITIONS = "";
				GCC_WARN_64_TO_32_BIT_CONVERSION = YES;
				GCC_WARN_ABOUT_RETURN_TYPE = YES_ERROR;
				GCC_WARN_UNDECLARED_SELECTOR = YES;
				GCC_WARN_UNINITIALIZED_AUTOS = YES_AGGRESSIVE;
				GCC_WARN_UNUSED_FUNCTION = YES;
				GCC_WARN_UNUSED_VARIABLE = YES;
				MACOSX_DEPLOYMENT_TARGET = 11.7;
				MTL_ENABLE_DEBUG_INFO = NO;
				MTL_FAST_MATH = YES;
				SDKROOT = macosx;
			};
			name = Release;
		};
		B8E2FD3529C20CD3006F3CC7 /* Debug */ = {
			isa = XCBuildConfiguration;
			baseConfigurationReference = B8E2FD3A29C215B7006F3CC7 /* conv_tester_config.xcconfig */;
			buildSettings = {
				CODE_SIGN_STYLE = Automatic;
				DEVELOPMENT_TEAM = 76XBB8EK7J;
				ENABLE_HARDENED_RUNTIME = YES;
				GCC_PREPROCESSOR_DEFINITIONS = $inherited;
				PRODUCT_NAME = "$(TARGET_NAME)";
			};
			name = Debug;
		};
		B8E2FD3629C20CD3006F3CC7 /* Release */ = {
			isa = XCBuildConfiguration;
			baseConfigurationReference = B8E2FD3A29C215B7006F3CC7 /* conv_tester_config.xcconfig */;
			buildSettings = {
				CODE_SIGN_STYLE = Automatic;
				DEVELOPMENT_TEAM = 76XBB8EK7J;
				ENABLE_HARDENED_RUNTIME = YES;
				GCC_PREPROCESSOR_DEFINITIONS = $inherited;
				PRODUCT_NAME = "$(TARGET_NAME)";
			};
			name = Release;
		};
/* End XCBuildConfiguration section */

/* Begin XCConfigurationList section */
		B8E2FD2829C20CD3006F3CC7 /* Build configuration list for PBXProject "Convolution_Tester" */ = {
			isa = XCConfigurationList;
			buildConfigurations = (
				B8E2FD3229C20CD3006F3CC7 /* Debug */,
				B8E2FD3329C20CD3006F3CC7 /* Release */,
			);
			defaultConfigurationIsVisible = 0;
			defaultConfigurationName = Release;
		};
		B8E2FD3429C20CD3006F3CC7 /* Build configuration list for PBXNativeTarget "Convolution_Tester" */ = {
			isa = XCConfigurationList;
			buildConfigurations = (
				B8E2FD3529C20CD3006F3CC7 /* Debug */,
				B8E2FD3629C20CD3006F3CC7 /* Release */,
			);
			defaultConfigurationIsVisible = 0;
			defaultConfigurationName = Release;
		};
/* End XCConfigurationList section */
	};
	rootObject = B8E2FD2529C20CD3006F3CC7 /* Project object */;
}
